// !$*UTF8*$!
{
	archiveVersion = 1;
	classes = {
	};
	objectVersion = 77;
	objects = {

/* Begin PBXContainerItemProxy section */
		CB7036A92EA58109007649F0 /* PBXContainerItemProxy */ = {
			isa = PBXContainerItemProxy;
			containerPortal = CBFAB4D52EA55D5F006654AB /* Project object */;
			proxyType = 1;
			remoteGlobalIDString = CBFAB4DC2EA55D5F006654AB;
			remoteInfo = ITLinkTestTask;
		};
		CB7C39E92EA672E400AB4818 /* PBXContainerItemProxy */ = {
			isa = PBXContainerItemProxy;
			containerPortal = CBFAB4D52EA55D5F006654AB /* Project object */;
			proxyType = 1;
			remoteGlobalIDString = CBFAB4DC2EA55D5F006654AB;
			remoteInfo = ITLinkTestTask;
		};
/* End PBXContainerItemProxy section */

/* Begin PBXFileReference section */
		CB7036A52EA58109007649F0 /* ITLinkTestTaskTests.xctest */ = {isa = PBXFileReference; explicitFileType = wrapper.cfbundle; includeInIndex = 0; path = ITLinkTestTaskTests.xctest; sourceTree = BUILT_PRODUCTS_DIR; };
		CB7C39E32EA672E400AB4818 /* ITLinkTestTaskUITests.xctest */ = {isa = PBXFileReference; explicitFileType = wrapper.cfbundle; includeInIndex = 0; path = ITLinkTestTaskUITests.xctest; sourceTree = BUILT_PRODUCTS_DIR; };
		CBFAB4DD2EA55D5F006654AB /* ITLinkTestTask.app */ = {isa = PBXFileReference; explicitFileType = wrapper.application; includeInIndex = 0; path = ITLinkTestTask.app; sourceTree = BUILT_PRODUCTS_DIR; };
/* End PBXFileReference section */

/* Begin PBXFileSystemSynchronizedBuildFileExceptionSet section */
		CBFAB4EF2EA55D61006654AB /* Exceptions for "ITLinkTestTask" folder in "ITLinkTestTask" target */ = {
			isa = PBXFileSystemSynchronizedBuildFileExceptionSet;
			membershipExceptions = (
				Info.plist,
			);
			target = CBFAB4DC2EA55D5F006654AB /* ITLinkTestTask */;
		};
/* End PBXFileSystemSynchronizedBuildFileExceptionSet section */

/* Begin PBXFileSystemSynchronizedRootGroup section */
		CB7036A62EA58109007649F0 /* ITLinkTestTaskTests */ = {
			isa = PBXFileSystemSynchronizedRootGroup;
			path = ITLinkTestTaskTests;
			sourceTree = "<group>";
		};
		CB7C39E42EA672E400AB4818 /* ITLinkTestTaskUITests */ = {
			isa = PBXFileSystemSynchronizedRootGroup;
			path = ITLinkTestTaskUITests;
			sourceTree = "<group>";
		};
		CBFAB4DF2EA55D5F006654AB /* ITLinkTestTask */ = {
			isa = PBXFileSystemSynchronizedRootGroup;
			exceptions = (
				CBFAB4EF2EA55D61006654AB /* Exceptions for "ITLinkTestTask" folder in "ITLinkTestTask" target */,
			);
			path = ITLinkTestTask;
			sourceTree = "<group>";
		};
/* End PBXFileSystemSynchronizedRootGroup section */

/* Begin PBXFrameworksBuildPhase section */
		CB7036A22EA58109007649F0 /* Frameworks */ = {
			isa = PBXFrameworksBuildPhase;
			buildActionMask = 2147483647;
			files = (
			);
			runOnlyForDeploymentPostprocessing = 0;
		};
		CB7C39E02EA672E400AB4818 /* Frameworks */ = {
			isa = PBXFrameworksBuildPhase;
			buildActionMask = 2147483647;
			files = (
			);
			runOnlyForDeploymentPostprocessing = 0;
		};
		CBFAB4DA2EA55D5F006654AB /* Frameworks */ = {
			isa = PBXFrameworksBuildPhase;
			buildActionMask = 2147483647;
			files = (
			);
			runOnlyForDeploymentPostprocessing = 0;
		};
/* End PBXFrameworksBuildPhase section */

/* Begin PBXGroup section */
		CBFAB4D42EA55D5F006654AB = {
			isa = PBXGroup;
			children = (
				CBFAB4DF2EA55D5F006654AB /* ITLinkTestTask */,
				CB7036A62EA58109007649F0 /* ITLinkTestTaskTests */,
				CB7C39E42EA672E400AB4818 /* ITLinkTestTaskUITests */,
				CBFAB4DE2EA55D5F006654AB /* Products */,
			);
			sourceTree = "<group>";
		};
		CBFAB4DE2EA55D5F006654AB /* Products */ = {
			isa = PBXGroup;
			children = (
				CBFAB4DD2EA55D5F006654AB /* ITLinkTestTask.app */,
				CB7036A52EA58109007649F0 /* ITLinkTestTaskTests.xctest */,
				CB7C39E32EA672E400AB4818 /* ITLinkTestTaskUITests.xctest */,
			);
			name = Products;
			sourceTree = "<group>";
		};
/* End PBXGroup section */

/* Begin PBXNativeTarget section */
		CB7036A42EA58109007649F0 /* ITLinkTestTaskTests */ = {
			isa = PBXNativeTarget;
			buildConfigurationList = CB7036AD2EA58109007649F0 /* Build configuration list for PBXNativeTarget "ITLinkTestTaskTests" */;
			buildPhases = (
				CB7036A12EA58109007649F0 /* Sources */,
				CB7036A22EA58109007649F0 /* Frameworks */,
				CB7036A32EA58109007649F0 /* Resources */,
			);
			buildRules = (
			);
			dependencies = (
				CB7036AA2EA58109007649F0 /* PBXTargetDependency */,
			);
			fileSystemSynchronizedGroups = (
				CB7036A62EA58109007649F0 /* ITLinkTestTaskTests */,
			);
			name = ITLinkTestTaskTests;
			packageProductDependencies = (
			);
			productName = ITLinkTestTaskTests;
			productReference = CB7036A52EA58109007649F0 /* ITLinkTestTaskTests.xctest */;
			productType = "com.apple.product-type.bundle.unit-test";
		};
		CB7C39E22EA672E400AB4818 /* ITLinkTestTaskUITests */ = {
			isa = PBXNativeTarget;
			buildConfigurationList = CB7C39EB2EA672E400AB4818 /* Build configuration list for PBXNativeTarget "ITLinkTestTaskUITests" */;
			buildPhases = (
				CB7C39DF2EA672E400AB4818 /* Sources */,
				CB7C39E02EA672E400AB4818 /* Frameworks */,
				CB7C39E12EA672E400AB4818 /* Resources */,
			);
			buildRules = (
			);
			dependencies = (
				CB7C39EA2EA672E400AB4818 /* PBXTargetDependency */,
			);
			fileSystemSynchronizedGroups = (
				CB7C39E42EA672E400AB4818 /* ITLinkTestTaskUITests */,
			);
			name = ITLinkTestTaskUITests;
			packageProductDependencies = (
			);
			productName = ITLinkTestTaskUITests;
			productReference = CB7C39E32EA672E400AB4818 /* ITLinkTestTaskUITests.xctest */;
			productType = "com.apple.product-type.bundle.ui-testing";
		};
		CBFAB4DC2EA55D5F006654AB /* ITLinkTestTask */ = {
			isa = PBXNativeTarget;
			buildConfigurationList = CBFAB4F02EA55D61006654AB /* Build configuration list for PBXNativeTarget "ITLinkTestTask" */;
			buildPhases = (
				CBFAB4D92EA55D5F006654AB /* Sources */,
				CBFAB4DA2EA55D5F006654AB /* Frameworks */,
				0E403695034743E0B4C6535A /* ShellScript */,
				CBFAB4DB2EA55D5F006654AB /* Resources */,
			);
			buildRules = (
			);
			dependencies = (
			);
			fileSystemSynchronizedGroups = (
				CBFAB4DF2EA55D5F006654AB /* ITLinkTestTask */,
			);
			name = ITLinkTestTask;
			packageProductDependencies = (
			);
			productName = ITLinkTestTask;
			productReference = CBFAB4DD2EA55D5F006654AB /* ITLinkTestTask.app */;
			productType = "com.apple.product-type.application";
		};
/* End PBXNativeTarget section */

/* Begin PBXProject section */
		CBFAB4D52EA55D5F006654AB /* Project object */ = {
			isa = PBXProject;
			attributes = {
				BuildIndependentTargetsInParallel = 1;
				LastSwiftUpdateCheck = 2600;
				LastUpgradeCheck = 2600;
				TargetAttributes = {
					CB7036A42EA58109007649F0 = {
						CreatedOnToolsVersion = 26.0.1;
						TestTargetID = CBFAB4DC2EA55D5F006654AB;
					};
					CB7C39E22EA672E400AB4818 = {
						CreatedOnToolsVersion = 26.0.1;
						TestTargetID = CBFAB4DC2EA55D5F006654AB;
					};
					CBFAB4DC2EA55D5F006654AB = {
						CreatedOnToolsVersion = 26.0.1;
					};
				};
			};
			buildConfigurationList = CBFAB4D82EA55D5F006654AB /* Build configuration list for PBXProject "ITLinkTestTask" */;
			developmentRegion = en;
			hasScannedForEncodings = 0;
			knownRegions = (
				en,
				Base,
			);
			mainGroup = CBFAB4D42EA55D5F006654AB;
			minimizedProjectReferenceProxies = 1;
			preferredProjectObjectVersion = 77;
			productRefGroup = CBFAB4DE2EA55D5F006654AB /* Products */;
			projectDirPath = "";
			projectRoot = "";
			targets = (
				CBFAB4DC2EA55D5F006654AB /* ITLinkTestTask */,
				CB7036A42EA58109007649F0 /* ITLinkTestTaskTests */,
				CB7C39E22EA672E400AB4818 /* ITLinkTestTaskUITests */,
			);
		};
/* End PBXProject section */

/* Begin PBXResourcesBuildPhase section */
		CB7036A32EA58109007649F0 /* Resources */ = {
			isa = PBXResourcesBuildPhase;
			buildActionMask = 2147483647;
			files = (
			);
			runOnlyForDeploymentPostprocessing = 0;
		};
		CB7C39E12EA672E400AB4818 /* Resources */ = {
			isa = PBXResourcesBuildPhase;
			buildActionMask = 2147483647;
			files = (
			);
			runOnlyForDeploymentPostprocessing = 0;
		};
		CBFAB4DB2EA55D5F006654AB /* Resources */ = {
			isa = PBXResourcesBuildPhase;
			buildActionMask = 2147483647;
			files = (
			);
			runOnlyForDeploymentPostprocessing = 0;
		};
/* End PBXResourcesBuildPhase section */

/* Begin PBXShellScriptBuildPhase section */
		0E403695034743E0B4C6535A /* ShellScript */ = {
			isa = PBXShellScriptBuildPhase;
			buildActionMask = 2147483647;
			files = (
			);
			inputFileListPaths = (
			);
			inputPaths = (
			);
			outputFileListPaths = (
			);
			outputPaths = (
				"$(DERIVED_FILE_DIR)/swiftlint-stamp",
			);
			runOnlyForDeploymentPostprocessing = 0;
			shellPath = /bin/sh;
			shellScript = "\"${SRCROOT}/Scripts/run-swiftlint.sh\"\n";
		};
/* End PBXShellScriptBuildPhase section */

/* Begin PBXSourcesBuildPhase section */
		CB7036A12EA58109007649F0 /* Sources */ = {
			isa = PBXSourcesBuildPhase;
			buildActionMask = 2147483647;
			files = (
			);
			runOnlyForDeploymentPostprocessing = 0;
		};
		CB7C39DF2EA672E400AB4818 /* Sources */ = {
			isa = PBXSourcesBuildPhase;
			buildActionMask = 2147483647;
			files = (
			);
			runOnlyForDeploymentPostprocessing = 0;
		};
		CBFAB4D92EA55D5F006654AB /* Sources */ = {
			isa = PBXSourcesBuildPhase;
			buildActionMask = 2147483647;
			files = (
			);
			runOnlyForDeploymentPostprocessing = 0;
		};
/* End PBXSourcesBuildPhase section */

/* Begin PBXTargetDependency section */
		CB7036AA2EA58109007649F0 /* PBXTargetDependency */ = {
			isa = PBXTargetDependency;
			target = CBFAB4DC2EA55D5F006654AB /* ITLinkTestTask */;
			targetProxy = CB7036A92EA58109007649F0 /* PBXContainerItemProxy */;
		};
		CB7C39EA2EA672E400AB4818 /* PBXTargetDependency */ = {
			isa = PBXTargetDependency;
			target = CBFAB4DC2EA55D5F006654AB /* ITLinkTestTask */;
			targetProxy = CB7C39E92EA672E400AB4818 /* PBXContainerItemProxy */;
		};
/* End PBXTargetDependency section */

/* Begin XCBuildConfiguration section */
		CB7036AB2EA58109007649F0 /* Debug */ = {
			isa = XCBuildConfiguration;
			buildSettings = {
				BUNDLE_LOADER = "$(TEST_HOST)";
				CODE_SIGN_STYLE = Automatic;
				CURRENT_PROJECT_VERSION = 1;
				GENERATE_INFOPLIST_FILE = YES;
				MARKETING_VERSION = 1.0;
				PRODUCT_BUNDLE_IDENTIFIER = Prikhodko.ITLinkTestTaskTests;
				PRODUCT_NAME = "$(TARGET_NAME)";
				STRING_CATALOG_GENERATE_SYMBOLS = NO;
				SWIFT_APPROACHABLE_CONCURRENCY = YES;
				SWIFT_EMIT_LOC_STRINGS = NO;
				SWIFT_UPCOMING_FEATURE_MEMBER_IMPORT_VISIBILITY = YES;
				SWIFT_VERSION = 5.0;
				TARGETED_DEVICE_FAMILY = "1,2";
				TEST_HOST = "$(BUILT_PRODUCTS_DIR)/ITLinkTestTask.app/$(BUNDLE_EXECUTABLE_FOLDER_PATH)/ITLinkTestTask";
			};
			name = Debug;
		};
		CB7036AC2EA58109007649F0 /* Release */ = {
			isa = XCBuildConfiguration;
			buildSettings = {
				BUNDLE_LOADER = "$(TEST_HOST)";
				CODE_SIGN_STYLE = Automatic;
				CURRENT_PROJECT_VERSION = 1;
				GENERATE_INFOPLIST_FILE = YES;
				MARKETING_VERSION = 1.0;
				PRODUCT_BUNDLE_IDENTIFIER = Prikhodko.ITLinkTestTaskTests;
				PRODUCT_NAME = "$(TARGET_NAME)";
				STRING_CATALOG_GENERATE_SYMBOLS = NO;
				SWIFT_APPROACHABLE_CONCURRENCY = YES;
				SWIFT_EMIT_LOC_STRINGS = NO;
				SWIFT_UPCOMING_FEATURE_MEMBER_IMPORT_VISIBILITY = YES;
				SWIFT_VERSION = 5.0;
				TARGETED_DEVICE_FAMILY = "1,2";
				TEST_HOST = "$(BUILT_PRODUCTS_DIR)/ITLinkTestTask.app/$(BUNDLE_EXECUTABLE_FOLDER_PATH)/ITLinkTestTask";
			};
			name = Release;
		};
		CB7C39EC2EA672E400AB4818 /* Debug */ = {
			isa = XCBuildConfiguration;
			buildSettings = {
				CODE_SIGN_STYLE = Automatic;
				CURRENT_PROJECT_VERSION = 1;
				GENERATE_INFOPLIST_FILE = YES;
				MARKETING_VERSION = 1.0;
				PRODUCT_BUNDLE_IDENTIFIER = Prikhodko.ITLinkTestTaskUITests;
				PRODUCT_NAME = "$(TARGET_NAME)";
				STRING_CATALOG_GENERATE_SYMBOLS = NO;
				SWIFT_APPROACHABLE_CONCURRENCY = YES;
				SWIFT_EMIT_LOC_STRINGS = NO;
				SWIFT_UPCOMING_FEATURE_MEMBER_IMPORT_VISIBILITY = YES;
				SWIFT_VERSION = 5.0;
				TARGETED_DEVICE_FAMILY = "1,2";
				TEST_TARGET_NAME = ITLinkTestTask;
			};
			name = Debug;
		};
		CB7C39ED2EA672E400AB4818 /* Release */ = {
			isa = XCBuildConfiguration;
			buildSettings = {
				CODE_SIGN_STYLE = Automatic;
				CURRENT_PROJECT_VERSION = 1;
				GENERATE_INFOPLIST_FILE = YES;
				MARKETING_VERSION = 1.0;
				PRODUCT_BUNDLE_IDENTIFIER = Prikhodko.ITLinkTestTaskUITests;
				PRODUCT_NAME = "$(TARGET_NAME)";
				STRING_CATALOG_GENERATE_SYMBOLS = NO;
				SWIFT_APPROACHABLE_CONCURRENCY = YES;
				SWIFT_EMIT_LOC_STRINGS = NO;
				SWIFT_UPCOMING_FEATURE_MEMBER_IMPORT_VISIBILITY = YES;
				SWIFT_VERSION = 5.0;
				TARGETED_DEVICE_FAMILY = "1,2";
				TEST_TARGET_NAME = ITLinkTestTask;
			};
			name = Release;
		};
		CBFAB4F12EA55D61006654AB /* Debug */ = {
			isa = XCBuildConfiguration;
			buildSettings = {
				ASSETCATALOG_COMPILER_APPICON_NAME = AppIcon;
				ASSETCATALOG_COMPILER_GLOBAL_ACCENT_COLOR_NAME = AccentColor;
				CODE_SIGN_STYLE = Automatic;
				CURRENT_PROJECT_VERSION = 1;
				ENABLE_USER_SCRIPT_SANDBOXING = NO;
				GENERATE_INFOPLIST_FILE = YES;
				INFOPLIST_FILE = ITLinkTestTask/Info.plist;
				INFOPLIST_KEY_UIApplicationSupportsIndirectInputEvents = YES;
				INFOPLIST_KEY_UILaunchStoryboardName = LaunchScreen;
				INFOPLIST_KEY_UISupportedInterfaceOrientations_iPad = "UIInterfaceOrientationPortrait UIInterfaceOrientationPortraitUpsideDown UIInterfaceOrientationLandscapeLeft UIInterfaceOrientationLandscapeRight";
				INFOPLIST_KEY_UISupportedInterfaceOrientations_iPhone = "UIInterfaceOrientationPortrait UIInterfaceOrientationLandscapeLeft UIInterfaceOrientationLandscapeRight";
				IPHONEOS_DEPLOYMENT_TARGET = 15.6;
				LD_RUNPATH_SEARCH_PATHS = (
					"$(inherited)",
					"@executable_path/Frameworks",
				);
				MARKETING_VERSION = 1.0;
				PRODUCT_BUNDLE_IDENTIFIER = Prikhodko.ITLinkTestTask;
				PRODUCT_NAME = "$(TARGET_NAME)";
				STRING_CATALOG_GENERATE_SYMBOLS = YES;
				SWIFT_APPROACHABLE_CONCURRENCY = YES;
				SWIFT_DEFAULT_ACTOR_ISOLATION = MainActor;
				SWIFT_EMIT_LOC_STRINGS = YES;
				SWIFT_UPCOMING_FEATURE_MEMBER_IMPORT_VISIBILITY = YES;
				SWIFT_VERSION = 5.0;
				TARGETED_DEVICE_FAMILY = "1,2";
			};
			name = Debug;
		};
		CBFAB4F22EA55D61006654AB /* Release */ = {
			isa = XCBuildConfiguration;
			buildSettings = {
				ASSETCATALOG_COMPILER_APPICON_NAME = AppIcon;
				ASSETCATALOG_COMPILER_GLOBAL_ACCENT_COLOR_NAME = AccentColor;
				CODE_SIGN_STYLE = Automatic;
				CURRENT_PROJECT_VERSION = 1;
				ENABLE_USER_SCRIPT_SANDBOXING = NO;
				GENERATE_INFOPLIST_FILE = YES;
				INFOPLIST_FILE = ITLinkTestTask/Info.plist;
				INFOPLIST_KEY_UIApplicationSupportsIndirectInputEvents = YES;
				INFOPLIST_KEY_UILaunchStoryboardName = LaunchScreen;
				INFOPLIST_KEY_UISupportedInterfaceOrientations_iPad = "UIInterfaceOrientationPortrait UIInterfaceOrientationPortraitUpsideDown UIInterfaceOrientationLandscapeLeft UIInterfaceOrientationLandscapeRight";
				INFOPLIST_KEY_UISupportedInterfaceOrientations_iPhone = "UIInterfaceOrientationPortrait UIInterfaceOrientationLandscapeLeft UIInterfaceOrientationLandscapeRight";
				IPHONEOS_DEPLOYMENT_TARGET = 15.6;
				LD_RUNPATH_SEARCH_PATHS = (
					"$(inherited)",
					"@executable_path/Frameworks",
				);
				MARKETING_VERSION = 1.0;
				PRODUCT_BUNDLE_IDENTIFIER = Prikhodko.ITLinkTestTask;
				PRODUCT_NAME = "$(TARGET_NAME)";
				STRING_CATALOG_GENERATE_SYMBOLS = YES;
				SWIFT_APPROACHABLE_CONCURRENCY = YES;
				SWIFT_DEFAULT_ACTOR_ISOLATION = MainActor;
				SWIFT_EMIT_LOC_STRINGS = YES;
				SWIFT_UPCOMING_FEATURE_MEMBER_IMPORT_VISIBILITY = YES;
				SWIFT_VERSION = 5.0;
				TARGETED_DEVICE_FAMILY = "1,2";
			};
			name = Release;
		};
		CBFAB4F32EA55D61006654AB /* Debug */ = {
			isa = XCBuildConfiguration;
			buildSettings = {
				ALWAYS_SEARCH_USER_PATHS = NO;
				ASSETCATALOG_COMPILER_GENERATE_SWIFT_ASSET_SYMBOL_EXTENSIONS = YES;
				CLANG_ANALYZER_NONNULL = YES;
				CLANG_ANALYZER_NUMBER_OBJECT_CONVERSION = YES_AGGRESSIVE;
				CLANG_CXX_LANGUAGE_STANDARD = "gnu++20";
				CLANG_ENABLE_MODULES = YES;
				CLANG_ENABLE_OBJC_ARC = YES;
				CLANG_ENABLE_OBJC_WEAK = YES;
				CLANG_WARN_BLOCK_CAPTURE_AUTORELEASING = YES;
				CLANG_WARN_BOOL_CONVERSION = YES;
				CLANG_WARN_COMMA = YES;
				CLANG_WARN_CONSTANT_CONVERSION = YES;
				CLANG_WARN_DEPRECATED_OBJC_IMPLEMENTATIONS = YES;
				CLANG_WARN_DIRECT_OBJC_ISA_USAGE = YES_ERROR;
				CLANG_WARN_DOCUMENTATION_COMMENTS = YES;
				CLANG_WARN_EMPTY_BODY = YES;
				CLANG_WARN_ENUM_CONVERSION = YES;
				CLANG_WARN_INFINITE_RECURSION = YES;
				CLANG_WARN_INT_CONVERSION = YES;
				CLANG_WARN_NON_LITERAL_NULL_CONVERSION = YES;
				CLANG_WARN_OBJC_IMPLICIT_RETAIN_SELF = YES;
				CLANG_WARN_OBJC_LITERAL_CONVERSION = YES;
				CLANG_WARN_OBJC_ROOT_CLASS = YES_ERROR;
				CLANG_WARN_QUOTED_INCLUDE_IN_FRAMEWORK_HEADER = YES;
				CLANG_WARN_RANGE_LOOP_ANALYSIS = YES;
				CLANG_WARN_STRICT_PROTOTYPES = YES;
				CLANG_WARN_SUSPICIOUS_MOVE = YES;
				CLANG_WARN_UNGUARDED_AVAILABILITY = YES_AGGRESSIVE;
				CLANG_WARN_UNREACHABLE_CODE = YES;
				CLANG_WARN__DUPLICATE_METHOD_MATCH = YES;
				COPY_PHASE_STRIP = NO;
				DEBUG_INFORMATION_FORMAT = dwarf;
				ENABLE_STRICT_OBJC_MSGSEND = YES;
				ENABLE_TESTABILITY = YES;
				ENABLE_USER_SCRIPT_SANDBOXING = YES;
				GCC_C_LANGUAGE_STANDARD = gnu17;
				GCC_DYNAMIC_NO_PIC = NO;
				GCC_NO_COMMON_BLOCKS = YES;
				GCC_OPTIMIZATION_LEVEL = 0;
				GCC_PREPROCESSOR_DEFINITIONS = (
					"DEBUG=1",
					"$(inherited)",
				);
				GCC_WARN_64_TO_32_BIT_CONVERSION = YES;
				GCC_WARN_ABOUT_RETURN_TYPE = YES_ERROR;
				GCC_WARN_UNDECLARED_SELECTOR = YES;
				GCC_WARN_UNINITIALIZED_AUTOS = YES_AGGRESSIVE;
				GCC_WARN_UNUSED_FUNCTION = YES;
				GCC_WARN_UNUSED_VARIABLE = YES;
				IPHONEOS_DEPLOYMENT_TARGET = 15.6;
				LOCALIZATION_PREFERS_STRING_CATALOGS = YES;
				MTL_ENABLE_DEBUG_INFO = INCLUDE_SOURCE;
				MTL_FAST_MATH = YES;
				ONLY_ACTIVE_ARCH = YES;
				SDKROOT = iphoneos;
				SWIFT_ACTIVE_COMPILATION_CONDITIONS = "DEBUG $(inherited)";
				SWIFT_OPTIMIZATION_LEVEL = "-Onone";
			};
			name = Debug;
		};
		CBFAB4F42EA55D61006654AB /* Release */ = {
			isa = XCBuildConfiguration;
			buildSettings = {
				ALWAYS_SEARCH_USER_PATHS = NO;
				ASSETCATALOG_COMPILER_GENERATE_SWIFT_ASSET_SYMBOL_EXTENSIONS = YES;
				CLANG_ANALYZER_NONNULL = YES;
				CLANG_ANALYZER_NUMBER_OBJECT_CONVERSION = YES_AGGRESSIVE;
				CLANG_CXX_LANGUAGE_STANDARD = "gnu++20";
				CLANG_ENABLE_MODULES = YES;
				CLANG_ENABLE_OBJC_ARC = YES;
				CLANG_ENABLE_OBJC_WEAK = YES;
				CLANG_WARN_BLOCK_CAPTURE_AUTORELEASING = YES;
				CLANG_WARN_BOOL_CONVERSION = YES;
				CLANG_WARN_COMMA = YES;
				CLANG_WARN_CONSTANT_CONVERSION = YES;
				CLANG_WARN_DEPRECATED_OBJC_IMPLEMENTATIONS = YES;
				CLANG_WARN_DIRECT_OBJC_ISA_USAGE = YES_ERROR;
				CLANG_WARN_DOCUMENTATION_COMMENTS = YES;
				CLANG_WARN_EMPTY_BODY = YES;
				CLANG_WARN_ENUM_CONVERSION = YES;
				CLANG_WARN_INFINITE_RECURSION = YES;
				CLANG_WARN_INT_CONVERSION = YES;
				CLANG_WARN_NON_LITERAL_NULL_CONVERSION = YES;
				CLANG_WARN_OBJC_IMPLICIT_RETAIN_SELF = YES;
				CLANG_WARN_OBJC_LITERAL_CONVERSION = YES;
				CLANG_WARN_OBJC_ROOT_CLASS = YES_ERROR;
				CLANG_WARN_QUOTED_INCLUDE_IN_FRAMEWORK_HEADER = YES;
				CLANG_WARN_RANGE_LOOP_ANALYSIS = YES;
				CLANG_WARN_STRICT_PROTOTYPES = YES;
				CLANG_WARN_SUSPICIOUS_MOVE = YES;
				CLANG_WARN_UNGUARDED_AVAILABILITY = YES_AGGRESSIVE;
				CLANG_WARN_UNREACHABLE_CODE = YES;
				CLANG_WARN__DUPLICATE_METHOD_MATCH = YES;
				COPY_PHASE_STRIP = NO;
				DEBUG_INFORMATION_FORMAT = "dwarf-with-dsym";
				ENABLE_NS_ASSERTIONS = NO;
				ENABLE_STRICT_OBJC_MSGSEND = YES;
				ENABLE_USER_SCRIPT_SANDBOXING = YES;
				GCC_C_LANGUAGE_STANDARD = gnu17;
				GCC_NO_COMMON_BLOCKS = YES;
				GCC_WARN_64_TO_32_BIT_CONVERSION = YES;
				GCC_WARN_ABOUT_RETURN_TYPE = YES_ERROR;
				GCC_WARN_UNDECLARED_SELECTOR = YES;
				GCC_WARN_UNINITIALIZED_AUTOS = YES_AGGRESSIVE;
				GCC_WARN_UNUSED_FUNCTION = YES;
				GCC_WARN_UNUSED_VARIABLE = YES;
				IPHONEOS_DEPLOYMENT_TARGET = 15.6;
				LOCALIZATION_PREFERS_STRING_CATALOGS = YES;
				MTL_ENABLE_DEBUG_INFO = NO;
				MTL_FAST_MATH = YES;
				SDKROOT = iphoneos;
				SWIFT_COMPILATION_MODE = wholemodule;
				VALIDATE_PRODUCT = YES;
			};
			name = Release;
		};
/* End XCBuildConfiguration section */

/* Begin XCConfigurationList section */
		CB7036AD2EA58109007649F0 /* Build configuration list for PBXNativeTarget "ITLinkTestTaskTests" */ = {
			isa = XCConfigurationList;
			buildConfigurations = (
				CB7036AB2EA58109007649F0 /* Debug */,
				CB7036AC2EA58109007649F0 /* Release */,
			);
			defaultConfigurationIsVisible = 0;
			defaultConfigurationName = Release;
		};
		CB7C39EB2EA672E400AB4818 /* Build configuration list for PBXNativeTarget "ITLinkTestTaskUITests" */ = {
			isa = XCConfigurationList;
			buildConfigurations = (
				CB7C39EC2EA672E400AB4818 /* Debug */,
				CB7C39ED2EA672E400AB4818 /* Release */,
			);
			defaultConfigurationIsVisible = 0;
			defaultConfigurationName = Release;
		};
		CBFAB4D82EA55D5F006654AB /* Build configuration list for PBXProject "ITLinkTestTask" */ = {
			isa = XCConfigurationList;
			buildConfigurations = (
				CBFAB4F32EA55D61006654AB /* Debug */,
				CBFAB4F42EA55D61006654AB /* Release */,
			);
			defaultConfigurationIsVisible = 0;
			defaultConfigurationName = Release;
		};
		CBFAB4F02EA55D61006654AB /* Build configuration list for PBXNativeTarget "ITLinkTestTask" */ = {
			isa = XCConfigurationList;
			buildConfigurations = (
				CBFAB4F12EA55D61006654AB /* Debug */,
				CBFAB4F22EA55D61006654AB /* Release */,
			);
			defaultConfigurationIsVisible = 0;
			defaultConfigurationName = Release;
		};
/* End XCConfigurationList section */
	};
	rootObject = CBFAB4D52EA55D5F006654AB /* Project object */;
}
